// !$*UTF8*$!
{
	archiveVersion = 1;
	classes = {
	};
	objectVersion = 56;
	objects = {

/* Begin PBXBuildFile section */
		792F297E2945C3690037A515 /* learnerApp.swift in Sources */ = {isa = PBXBuildFile; fileRef = 792F297D2945C3690037A515 /* learnerApp.swift */; };
		792F29802945C3690037A515 /* ContentView.swift in Sources */ = {isa = PBXBuildFile; fileRef = 792F297F2945C3690037A515 /* ContentView.swift */; };
		792F29822945C36B0037A515 /* Assets.xcassets in Resources */ = {isa = PBXBuildFile; fileRef = 792F29812945C36B0037A515 /* Assets.xcassets */; };
		792F29862945C36B0037A515 /* Preview Assets.xcassets in Resources */ = {isa = PBXBuildFile; fileRef = 792F29852945C36B0037A515 /* Preview Assets.xcassets */; };
		792F29902945C36B0037A515 /* learnerTests.swift in Sources */ = {isa = PBXBuildFile; fileRef = 792F298F2945C36B0037A515 /* learnerTests.swift */; };
		792F299A2945C36B0037A515 /* learnerUITests.swift in Sources */ = {isa = PBXBuildFile; fileRef = 792F29992945C36B0037A515 /* learnerUITests.swift */; };
		792F299C2945C36B0037A515 /* learnerUITestsLaunchTests.swift in Sources */ = {isa = PBXBuildFile; fileRef = 792F299B2945C36B0037A515 /* learnerUITestsLaunchTests.swift */; };
/* End PBXBuildFile section */

/* Begin PBXContainerItemProxy section */
		792F298C2945C36B0037A515 /* PBXContainerItemProxy */ = {
			isa = PBXContainerItemProxy;
			containerPortal = 792F29722945C3690037A515 /* Project object */;
			proxyType = 1;
			remoteGlobalIDString = 792F29792945C3690037A515;
			remoteInfo = learner;
		};
		792F29962945C36B0037A515 /* PBXContainerItemProxy */ = {
			isa = PBXContainerItemProxy;
			containerPortal = 792F29722945C3690037A515 /* Project object */;
			proxyType = 1;
			remoteGlobalIDString = 792F29792945C3690037A515;
			remoteInfo = learner;
		};
/* End PBXContainerItemProxy section */

/* Begin PBXFileReference section */
		792F297A2945C3690037A515 /* learner.app */ = {isa = PBXFileReference; explicitFileType = wrapper.application; includeInIndex = 0; path = learner.app; sourceTree = BUILT_PRODUCTS_DIR; };
		792F297D2945C3690037A515 /* learnerApp.swift */ = {isa = PBXFileReference; lastKnownFileType = sourcecode.swift; path = learnerApp.swift; sourceTree = "<group>"; };
		792F297F2945C3690037A515 /* ContentView.swift */ = {isa = PBXFileReference; lastKnownFileType = sourcecode.swift; path = ContentView.swift; sourceTree = "<group>"; };
		792F29812945C36B0037A515 /* Assets.xcassets */ = {isa = PBXFileReference; lastKnownFileType = folder.assetcatalog; path = Assets.xcassets; sourceTree = "<group>"; };
		792F29832945C36B0037A515 /* learner.entitlements */ = {isa = PBXFileReference; lastKnownFileType = text.plist.entitlements; path = learner.entitlements; sourceTree = "<group>"; };
		792F29852945C36B0037A515 /* Preview Assets.xcassets */ = {isa = PBXFileReference; lastKnownFileType = folder.assetcatalog; path = "Preview Assets.xcassets"; sourceTree = "<group>"; };
		792F298B2945C36B0037A515 /* learnerTests.xctest */ = {isa = PBXFileReference; explicitFileType = wrapper.cfbundle; includeInIndex = 0; path = learnerTests.xctest; sourceTree = BUILT_PRODUCTS_DIR; };
		792F298F2945C36B0037A515 /* learnerTests.swift */ = {isa = PBXFileReference; lastKnownFileType = sourcecode.swift; path = learnerTests.swift; sourceTree = "<group>"; };
		792F29952945C36B0037A515 /* learnerUITests.xctest */ = {isa = PBXFileReference; explicitFileType = wrapper.cfbundle; includeInIndex = 0; path = learnerUITests.xctest; sourceTree = BUILT_PRODUCTS_DIR; };
		792F29992945C36B0037A515 /* learnerUITests.swift */ = {isa = PBXFileReference; lastKnownFileType = sourcecode.swift; path = learnerUITests.swift; sourceTree = "<group>"; };
		792F299B2945C36B0037A515 /* learnerUITestsLaunchTests.swift */ = {isa = PBXFileReference; lastKnownFileType = sourcecode.swift; path = learnerUITestsLaunchTests.swift; sourceTree = "<group>"; };
/* End PBXFileReference section */

/* Begin PBXFrameworksBuildPhase section */
		792F29772945C3690037A515 /* Frameworks */ = {
			isa = PBXFrameworksBuildPhase;
			buildActionMask = 2147483647;
			files = (
			);
			runOnlyForDeploymentPostprocessing = 0;
		};
		792F29882945C36B0037A515 /* Frameworks */ = {
			isa = PBXFrameworksBuildPhase;
			buildActionMask = 2147483647;
			files = (
			);
			runOnlyForDeploymentPostprocessing = 0;
		};
		792F29922945C36B0037A515 /* Frameworks */ = {
			isa = PBXFrameworksBuildPhase;
			buildActionMask = 2147483647;
			files = (
			);
			runOnlyForDeploymentPostprocessing = 0;
		};
/* End PBXFrameworksBuildPhase section */

/* Begin PBXGroup section */
		792F29712945C3690037A515 = {
			isa = PBXGroup;
			children = (
				792F297C2945C3690037A515 /* learner */,
				792F298E2945C36B0037A515 /* learnerTests */,
				792F29982945C36B0037A515 /* learnerUITests */,
				792F297B2945C3690037A515 /* Products */,
			);
			sourceTree = "<group>";
		};
		792F297B2945C3690037A515 /* Products */ = {
			isa = PBXGroup;
			children = (
				792F297A2945C3690037A515 /* learner.app */,
				792F298B2945C36B0037A515 /* learnerTests.xctest */,
				792F29952945C36B0037A515 /* learnerUITests.xctest */,
			);
			name = Products;
			sourceTree = "<group>";
		};
		792F297C2945C3690037A515 /* learner */ = {
			isa = PBXGroup;
			children = (
				792F297D2945C3690037A515 /* learnerApp.swift */,
				792F297F2945C3690037A515 /* ContentView.swift */,
				792F29812945C36B0037A515 /* Assets.xcassets */,
				792F29832945C36B0037A515 /* learner.entitlements */,
				792F29842945C36B0037A515 /* Preview Content */,
			);
			path = learner;
			sourceTree = "<group>";
		};
		792F29842945C36B0037A515 /* Preview Content */ = {
			isa = PBXGroup;
			children = (
				792F29852945C36B0037A515 /* Preview Assets.xcassets */,
			);
			path = "Preview Content";
			sourceTree = "<group>";
		};
		792F298E2945C36B0037A515 /* learnerTests */ = {
			isa = PBXGroup;
			children = (
				792F298F2945C36B0037A515 /* learnerTests.swift */,
			);
			path = learnerTests;
			sourceTree = "<group>";
		};
		792F29982945C36B0037A515 /* learnerUITests */ = {
			isa = PBXGroup;
			children = (
				792F29992945C36B0037A515 /* learnerUITests.swift */,
				792F299B2945C36B0037A515 /* learnerUITestsLaunchTests.swift */,
			);
			path = learnerUITests;
			sourceTree = "<group>";
		};
/* End PBXGroup section */

/* Begin PBXNativeTarget section */
		792F29792945C3690037A515 /* learner */ = {
			isa = PBXNativeTarget;
			buildConfigurationList = 792F299F2945C36B0037A515 /* Build configuration list for PBXNativeTarget "learner" */;
			buildPhases = (
				792F29762945C3690037A515 /* Sources */,
				792F29772945C3690037A515 /* Frameworks */,
				792F29782945C3690037A515 /* Resources */,
			);
			buildRules = (
			);
			dependencies = (
			);
			name = learner;
			productName = learner;
			productReference = 792F297A2945C3690037A515 /* learner.app */;
			productType = "com.apple.product-type.application";
		};
		792F298A2945C36B0037A515 /* learnerTests */ = {
			isa = PBXNativeTarget;
			buildConfigurationList = 792F29A22945C36B0037A515 /* Build configuration list for PBXNativeTarget "learnerTests" */;
			buildPhases = (
				792F29872945C36B0037A515 /* Sources */,
				792F29882945C36B0037A515 /* Frameworks */,
				792F29892945C36B0037A515 /* Resources */,
			);
			buildRules = (
			);
			dependencies = (
				792F298D2945C36B0037A515 /* PBXTargetDependency */,
			);
			name = learnerTests;
			productName = learnerTests;
			productReference = 792F298B2945C36B0037A515 /* learnerTests.xctest */;
			productType = "com.apple.product-type.bundle.unit-test";
		};
		792F29942945C36B0037A515 /* learnerUITests */ = {
			isa = PBXNativeTarget;
			buildConfigurationList = 792F29A52945C36B0037A515 /* Build configuration list for PBXNativeTarget "learnerUITests" */;
			buildPhases = (
				792F29912945C36B0037A515 /* Sources */,
				792F29922945C36B0037A515 /* Frameworks */,
				792F29932945C36B0037A515 /* Resources */,
			);
			buildRules = (
			);
			dependencies = (
				792F29972945C36B0037A515 /* PBXTargetDependency */,
			);
			name = learnerUITests;
			productName = learnerUITests;
			productReference = 792F29952945C36B0037A515 /* learnerUITests.xctest */;
			productType = "com.apple.product-type.bundle.ui-testing";
		};
/* End PBXNativeTarget section */

/* Begin PBXProject section */
		792F29722945C3690037A515 /* Project object */ = {
			isa = PBXProject;
			attributes = {
				BuildIndependentTargetsInParallel = 1;
				LastSwiftUpdateCheck = 1410;
				LastUpgradeCheck = 1410;
				TargetAttributes = {
					792F29792945C3690037A515 = {
						CreatedOnToolsVersion = 14.1;
					};
					792F298A2945C36B0037A515 = {
						CreatedOnToolsVersion = 14.1;
						TestTargetID = 792F29792945C3690037A515;
					};
					792F29942945C36B0037A515 = {
						CreatedOnToolsVersion = 14.1;
						TestTargetID = 792F29792945C3690037A515;
					};
				};
			};
			buildConfigurationList = 792F29752945C3690037A515 /* Build configuration list for PBXProject "learner" */;
			compatibilityVersion = "Xcode 14.0";
			developmentRegion = en;
			hasScannedForEncodings = 0;
			knownRegions = (
				en,
				Base,
			);
			mainGroup = 792F29712945C3690037A515;
			productRefGroup = 792F297B2945C3690037A515 /* Products */;
			projectDirPath = "";
			projectRoot = "";
			targets = (
				792F29792945C3690037A515 /* learner */,
				792F298A2945C36B0037A515 /* learnerTests */,
				792F29942945C36B0037A515 /* learnerUITests */,
			);
		};
/* End PBXProject section */

/* Begin PBXResourcesBuildPhase section */
		792F29782945C3690037A515 /* Resources */ = {
			isa = PBXResourcesBuildPhase;
			buildActionMask = 2147483647;
			files = (
				792F29862945C36B0037A515 /* Preview Assets.xcassets in Resources */,
				792F29822945C36B0037A515 /* Assets.xcassets in Resources */,
			);
			runOnlyForDeploymentPostprocessing = 0;
		};
		792F29892945C36B0037A515 /* Resources */ = {
			isa = PBXResourcesBuildPhase;
			buildActionMask = 2147483647;
			files = (
			);
			runOnlyForDeploymentPostprocessing = 0;
		};
		792F29932945C36B0037A515 /* Resources */ = {
			isa = PBXResourcesBuildPhase;
			buildActionMask = 2147483647;
			files = (
			);
			runOnlyForDeploymentPostprocessing = 0;
		};
/* End PBXResourcesBuildPhase section */

/* Begin PBXSourcesBuildPhase section */
		792F29762945C3690037A515 /* Sources */ = {
			isa = PBXSourcesBuildPhase;
			buildActionMask = 2147483647;
			files = (
				792F29802945C3690037A515 /* ContentView.swift in Sources */,
				792F297E2945C3690037A515 /* learnerApp.swift in Sources */,
			);
			runOnlyForDeploymentPostprocessing = 0;
		};
		792F29872945C36B0037A515 /* Sources */ = {
			isa = PBXSourcesBuildPhase;
			buildActionMask = 2147483647;
			files = (
				792F29902945C36B0037A515 /* learnerTests.swift in Sources */,
			);
			runOnlyForDeploymentPostprocessing = 0;
		};
		792F29912945C36B0037A515 /* Sources */ = {
			isa = PBXSourcesBuildPhase;
			buildActionMask = 2147483647;
			files = (
				792F299C2945C36B0037A515 /* learnerUITestsLaunchTests.swift in Sources */,
				792F299A2945C36B0037A515 /* learnerUITests.swift in Sources */,
			);
			runOnlyForDeploymentPostprocessing = 0;
		};
/* End PBXSourcesBuildPhase section */

/* Begin PBXTargetDependency section */
		792F298D2945C36B0037A515 /* PBXTargetDependency */ = {
			isa = PBXTargetDependency;
			target = 792F29792945C3690037A515 /* learner */;
			targetProxy = 792F298C2945C36B0037A515 /* PBXContainerItemProxy */;
		};
		792F29972945C36B0037A515 /* PBXTargetDependency */ = {
			isa = PBXTargetDependency;
			target = 792F29792945C3690037A515 /* learner */;
			targetProxy = 792F29962945C36B0037A515 /* PBXContainerItemProxy */;
		};
/* End PBXTargetDependency section */

/* Begin XCBuildConfiguration section */
		792F299D2945C36B0037A515 /* Debug */ = {
			isa = XCBuildConfiguration;
			buildSettings = {
				ALWAYS_SEARCH_USER_PATHS = NO;
				CLANG_ANALYZER_NONNULL = YES;
				CLANG_ANALYZER_NUMBER_OBJECT_CONVERSION = YES_AGGRESSIVE;
				CLANG_CXX_LANGUAGE_STANDARD = "gnu++20";
				CLANG_ENABLE_MODULES = YES;
				CLANG_ENABLE_OBJC_ARC = YES;
				CLANG_ENABLE_OBJC_WEAK = YES;
				CLANG_WARN_BLOCK_CAPTURE_AUTORELEASING = YES;
				CLANG_WARN_BOOL_CONVERSION = YES;
				CLANG_WARN_COMMA = YES;
				CLANG_WARN_CONSTANT_CONVERSION = YES;
				CLANG_WARN_DEPRECATED_OBJC_IMPLEMENTATIONS = YES;
				CLANG_WARN_DIRECT_OBJC_ISA_USAGE = YES_ERROR;
				CLANG_WARN_DOCUMENTATION_COMMENTS = YES;
				CLANG_WARN_EMPTY_BODY = YES;
				CLANG_WARN_ENUM_CONVERSION = YES;
				CLANG_WARN_INFINITE_RECURSION = YES;
				CLANG_WARN_INT_CONVERSION = YES;
				CLANG_WARN_NON_LITERAL_NULL_CONVERSION = YES;
				CLANG_WARN_OBJC_IMPLICIT_RETAIN_SELF = YES;
				CLANG_WARN_OBJC_LITERAL_CONVERSION = YES;
				CLANG_WARN_OBJC_ROOT_CLASS = YES_ERROR;
				CLANG_WARN_QUOTED_INCLUDE_IN_FRAMEWORK_HEADER = YES;
				CLANG_WARN_RANGE_LOOP_ANALYSIS = YES;
				CLANG_WARN_STRICT_PROTOTYPES = YES;
				CLANG_WARN_SUSPICIOUS_MOVE = YES;
				CLANG_WARN_UNGUARDED_AVAILABILITY = YES_AGGRESSIVE;
				CLANG_WARN_UNREACHABLE_CODE = YES;
				CLANG_WARN__DUPLICATE_METHOD_MATCH = YES;
				COPY_PHASE_STRIP = NO;
				DEBUG_INFORMATION_FORMAT = dwarf;
				ENABLE_STRICT_OBJC_MSGSEND = YES;
				ENABLE_TESTABILITY = YES;
				GCC_C_LANGUAGE_STANDARD = gnu11;
				GCC_DYNAMIC_NO_PIC = NO;
				GCC_NO_COMMON_BLOCKS = YES;
				GCC_OPTIMIZATION_LEVEL = 0;
				GCC_PREPROCESSOR_DEFINITIONS = (
					"DEBUG=1",
					"$(inherited)",
				);
				GCC_WARN_64_TO_32_BIT_CONVERSION = YES;
				GCC_WARN_ABOUT_RETURN_TYPE = YES_ERROR;
				GCC_WARN_UNDECLARED_SELECTOR = YES;
				GCC_WARN_UNINITIALIZED_AUTOS = YES_AGGRESSIVE;
				GCC_WARN_UNUSED_FUNCTION = YES;
				GCC_WARN_UNUSED_VARIABLE = YES;
				MTL_ENABLE_DEBUG_INFO = INCLUDE_SOURCE;
				MTL_FAST_MATH = YES;
				ONLY_ACTIVE_ARCH = YES;
				SWIFT_ACTIVE_COMPILATION_CONDITIONS = DEBUG;
				SWIFT_OPTIMIZATION_LEVEL = "-Onone";
			};
			name = Debug;
		};
		792F299E2945C36B0037A515 /* Release */ = {
			isa = XCBuildConfiguration;
			buildSettings = {
				ALWAYS_SEARCH_USER_PATHS = NO;
				CLANG_ANALYZER_NONNULL = YES;
				CLANG_ANALYZER_NUMBER_OBJECT_CONVERSION = YES_AGGRESSIVE;
				CLANG_CXX_LANGUAGE_STANDARD = "gnu++20";
				CLANG_ENABLE_MODULES = YES;
				CLANG_ENABLE_OBJC_ARC = YES;
				CLANG_ENABLE_OBJC_WEAK = YES;
				CLANG_WARN_BLOCK_CAPTURE_AUTORELEASING = YES;
				CLANG_WARN_BOOL_CONVERSION = YES;
				CLANG_WARN_COMMA = YES;
				CLANG_WARN_CONSTANT_CONVERSION = YES;
				CLANG_WARN_DEPRECATED_OBJC_IMPLEMENTATIONS = YES;
				CLANG_WARN_DIRECT_OBJC_ISA_USAGE = YES_ERROR;
				CLANG_WARN_DOCUMENTATION_COMMENTS = YES;
				CLANG_WARN_EMPTY_BODY = YES;
				CLANG_WARN_ENUM_CONVERSION = YES;
				CLANG_WARN_INFINITE_RECURSION = YES;
				CLANG_WARN_INT_CONVERSION = YES;
				CLANG_WARN_NON_LITERAL_NULL_CONVERSION = YES;
				CLANG_WARN_OBJC_IMPLICIT_RETAIN_SELF = YES;
				CLANG_WARN_OBJC_LITERAL_CONVERSION = YES;
				CLANG_WARN_OBJC_ROOT_CLASS = YES_ERROR;
				CLANG_WARN_QUOTED_INCLUDE_IN_FRAMEWORK_HEADER = YES;
				CLANG_WARN_RANGE_LOOP_ANALYSIS = YES;
				CLANG_WARN_STRICT_PROTOTYPES = YES;
				CLANG_WARN_SUSPICIOUS_MOVE = YES;
				CLANG_WARN_UNGUARDED_AVAILABILITY = YES_AGGRESSIVE;
				CLANG_WARN_UNREACHABLE_CODE = YES;
				CLANG_WARN__DUPLICATE_METHOD_MATCH = YES;
				COPY_PHASE_STRIP = NO;
				DEBUG_INFORMATION_FORMAT = "dwarf-with-dsym";
				ENABLE_NS_ASSERTIONS = NO;
				ENABLE_STRICT_OBJC_MSGSEND = YES;
				GCC_C_LANGUAGE_STANDARD = gnu11;
				GCC_NO_COMMON_BLOCKS = YES;
				GCC_WARN_64_TO_32_BIT_CONVERSION = YES;
				GCC_WARN_ABOUT_RETURN_TYPE = YES_ERROR;
				GCC_WARN_UNDECLARED_SELECTOR = YES;
				GCC_WARN_UNINITIALIZED_AUTOS = YES_AGGRESSIVE;
				GCC_WARN_UNUSED_FUNCTION = YES;
				GCC_WARN_UNUSED_VARIABLE = YES;
				MTL_ENABLE_DEBUG_INFO = NO;
				MTL_FAST_MATH = YES;
				SWIFT_COMPILATION_MODE = wholemodule;
				SWIFT_OPTIMIZATION_LEVEL = "-O";
			};
			name = Release;
		};
		792F29A02945C36B0037A515 /* Debug */ = {
			isa = XCBuildConfiguration;
			buildSettings = {
				ASSETCATALOG_COMPILER_APPICON_NAME = AppIcon;
				ASSETCATALOG_COMPILER_GLOBAL_ACCENT_COLOR_NAME = AccentColor;
				CODE_SIGN_ENTITLEMENTS = learner/learner.entitlements;
				CODE_SIGN_STYLE = Automatic;
				CURRENT_PROJECT_VERSION = 1;
				DEVELOPMENT_ASSET_PATHS = "\"learner/Preview Content\"";
				ENABLE_PREVIEWS = YES;
				GENERATE_INFOPLIST_FILE = YES;
				"INFOPLIST_KEY_UIApplicationSceneManifest_Generation[sdk=iphoneos*]" = YES;
				"INFOPLIST_KEY_UIApplicationSceneManifest_Generation[sdk=iphonesimulator*]" = YES;
				"INFOPLIST_KEY_UIApplicationSupportsIndirectInputEvents[sdk=iphoneos*]" = YES;
				"INFOPLIST_KEY_UIApplicationSupportsIndirectInputEvents[sdk=iphonesimulator*]" = YES;
				"INFOPLIST_KEY_UILaunchScreen_Generation[sdk=iphoneos*]" = YES;
				"INFOPLIST_KEY_UILaunchScreen_Generation[sdk=iphonesimulator*]" = YES;
				"INFOPLIST_KEY_UIStatusBarStyle[sdk=iphoneos*]" = UIStatusBarStyleDefault;
				"INFOPLIST_KEY_UIStatusBarStyle[sdk=iphonesimulator*]" = UIStatusBarStyleDefault;
				INFOPLIST_KEY_UISupportedInterfaceOrientations_iPad = "UIInterfaceOrientationPortrait UIInterfaceOrientationPortraitUpsideDown UIInterfaceOrientationLandscapeLeft UIInterfaceOrientationLandscapeRight";
				INFOPLIST_KEY_UISupportedInterfaceOrientations_iPhone = "UIInterfaceOrientationPortrait UIInterfaceOrientationLandscapeLeft UIInterfaceOrientationLandscapeRight";
				IPHONEOS_DEPLOYMENT_TARGET = 16.1;
				LD_RUNPATH_SEARCH_PATHS = "@executable_path/Frameworks";
				"LD_RUNPATH_SEARCH_PATHS[sdk=macosx*]" = "@executable_path/../Frameworks";
				MACOSX_DEPLOYMENT_TARGET = 13.0;
				MARKETING_VERSION = 1.0;
				PRODUCT_BUNDLE_IDENTIFIER = example.com.learner;
				PRODUCT_NAME = "$(TARGET_NAME)";
				SDKROOT = auto;
				SUPPORTED_PLATFORMS = "iphoneos iphonesimulator macosx";
				SWIFT_EMIT_LOC_STRINGS = YES;
				SWIFT_VERSION = 5.0;
				TARGETED_DEVICE_FAMILY = "1,2";
			};
			name = Debug;
		};
		792F29A12945C36B0037A515 /* Release */ = {
			isa = XCBuildConfiguration;
			buildSettings = {
				ASSETCATALOG_COMPILER_APPICON_NAME = AppIcon;
				ASSETCATALOG_COMPILER_GLOBAL_ACCENT_COLOR_NAME = AccentColor;
				CODE_SIGN_ENTITLEMENTS = learner/learner.entitlements;
				CODE_SIGN_STYLE = Automatic;
				CURRENT_PROJECT_VERSION = 1;
				DEVELOPMENT_ASSET_PATHS = "\"learner/Preview Content\"";
				ENABLE_PREVIEWS = YES;
				GENERATE_INFOPLIST_FILE = YES;
				"INFOPLIST_KEY_UIApplicationSceneManifest_Generation[sdk=iphoneos*]" = YES;
				"INFOPLIST_KEY_UIApplicationSceneManifest_Generation[sdk=iphonesimulator*]" = YES;
				"INFOPLIST_KEY_UIApplicationSupportsIndirectInputEvents[sdk=iphoneos*]" = YES;
				"INFOPLIST_KEY_UIApplicationSupportsIndirectInputEvents[sdk=iphonesimulator*]" = YES;
				"INFOPLIST_KEY_UILaunchScreen_Generation[sdk=iphoneos*]" = YES;
				"INFOPLIST_KEY_UILaunchScreen_Generation[sdk=iphonesimulator*]" = YES;
				"INFOPLIST_KEY_UIStatusBarStyle[sdk=iphoneos*]" = UIStatusBarStyleDefault;
				"INFOPLIST_KEY_UIStatusBarStyle[sdk=iphonesimulator*]" = UIStatusBarStyleDefault;
				INFOPLIST_KEY_UISupportedInterfaceOrientations_iPad = "UIInterfaceOrientationPortrait UIInterfaceOrientationPortraitUpsideDown UIInterfaceOrientationLandscapeLeft UIInterfaceOrientationLandscapeRight";
				INFOPLIST_KEY_UISupportedInterfaceOrientations_iPhone = "UIInterfaceOrientationPortrait UIInterfaceOrientationLandscapeLeft UIInterfaceOrientationLandscapeRight";
				IPHONEOS_DEPLOYMENT_TARGET = 16.1;
				LD_RUNPATH_SEARCH_PATHS = "@executable_path/Frameworks";
				"LD_RUNPATH_SEARCH_PATHS[sdk=macosx*]" = "@executable_path/../Frameworks";
				MACOSX_DEPLOYMENT_TARGET = 13.0;
				MARKETING_VERSION = 1.0;
				PRODUCT_BUNDLE_IDENTIFIER = example.com.learner;
				PRODUCT_NAME = "$(TARGET_NAME)";
				SDKROOT = auto;
				SUPPORTED_PLATFORMS = "iphoneos iphonesimulator macosx";
				SWIFT_EMIT_LOC_STRINGS = YES;
				SWIFT_VERSION = 5.0;
				TARGETED_DEVICE_FAMILY = "1,2";
			};
			name = Release;
		};
		792F29A32945C36B0037A515 /* Debug */ = {
			isa = XCBuildConfiguration;
			buildSettings = {
				ALWAYS_EMBED_SWIFT_STANDARD_LIBRARIES = YES;
				BUNDLE_LOADER = "$(TEST_HOST)";
				CODE_SIGN_STYLE = Automatic;
				CURRENT_PROJECT_VERSION = 1;
				GENERATE_INFOPLIST_FILE = YES;
				IPHONEOS_DEPLOYMENT_TARGET = 16.1;
				MACOSX_DEPLOYMENT_TARGET = 13.0;
				MARKETING_VERSION = 1.0;
				PRODUCT_BUNDLE_IDENTIFIER = example.com.learnerTests;
				PRODUCT_NAME = "$(TARGET_NAME)";
				SDKROOT = auto;
				SUPPORTED_PLATFORMS = "iphoneos iphonesimulator macosx";
				SWIFT_EMIT_LOC_STRINGS = NO;
				SWIFT_VERSION = 5.0;
				TARGETED_DEVICE_FAMILY = "1,2";
				TEST_HOST = "$(BUILT_PRODUCTS_DIR)/learner.app/$(BUNDLE_EXECUTABLE_FOLDER_PATH)/learner";
			};
			name = Debug;
		};
		792F29A42945C36B0037A515 /* Release */ = {
			isa = XCBuildConfiguration;
			buildSettings = {
				ALWAYS_EMBED_SWIFT_STANDARD_LIBRARIES = YES;
				BUNDLE_LOADER = "$(TEST_HOST)";
				CODE_SIGN_STYLE = Automatic;
				CURRENT_PROJECT_VERSION = 1;
				GENERATE_INFOPLIST_FILE = YES;
				IPHONEOS_DEPLOYMENT_TARGET = 16.1;
				MACOSX_DEPLOYMENT_TARGET = 13.0;
				MARKETING_VERSION = 1.0;
				PRODUCT_BUNDLE_IDENTIFIER = example.com.learnerTests;
				PRODUCT_NAME = "$(TARGET_NAME)";
				SDKROOT = auto;
				SUPPORTED_PLATFORMS = "iphoneos iphonesimulator macosx";
				SWIFT_EMIT_LOC_STRINGS = NO;
				SWIFT_VERSION = 5.0;
				TARGETED_DEVICE_FAMILY = "1,2";
				TEST_HOST = "$(BUILT_PRODUCTS_DIR)/learner.app/$(BUNDLE_EXECUTABLE_FOLDER_PATH)/learner";
			};
			name = Release;
		};
		792F29A62945C36B0037A515 /* Debug */ = {
			isa = XCBuildConfiguration;
			buildSettings = {
				ALWAYS_EMBED_SWIFT_STANDARD_LIBRARIES = YES;
				CODE_SIGN_STYLE = Automatic;
				CURRENT_PROJECT_VERSION = 1;
				GENERATE_INFOPLIST_FILE = YES;
				IPHONEOS_DEPLOYMENT_TARGET = 16.1;
				MACOSX_DEPLOYMENT_TARGET = 13.0;
				MARKETING_VERSION = 1.0;
				PRODUCT_BUNDLE_IDENTIFIER = example.com.learnerUITests;
				PRODUCT_NAME = "$(TARGET_NAME)";
				SDKROOT = auto;
				SUPPORTED_PLATFORMS = "iphoneos iphonesimulator macosx";
				SWIFT_EMIT_LOC_STRINGS = NO;
				SWIFT_VERSION = 5.0;
				TARGETED_DEVICE_FAMILY = "1,2";
				TEST_TARGET_NAME = learner;
			};
			name = Debug;
		};
		792F29A72945C36B0037A515 /* Release */ = {
			isa = XCBuildConfiguration;
			buildSettings = {
				ALWAYS_EMBED_SWIFT_STANDARD_LIBRARIES = YES;
				CODE_SIGN_STYLE = Automatic;
				CURRENT_PROJECT_VERSION = 1;
				GENERATE_INFOPLIST_FILE = YES;
				IPHONEOS_DEPLOYMENT_TARGET = 16.1;
				MACOSX_DEPLOYMENT_TARGET = 13.0;
				MARKETING_VERSION = 1.0;
				PRODUCT_BUNDLE_IDENTIFIER = example.com.learnerUITests;
				PRODUCT_NAME = "$(TARGET_NAME)";
				SDKROOT = auto;
				SUPPORTED_PLATFORMS = "iphoneos iphonesimulator macosx";
				SWIFT_EMIT_LOC_STRINGS = NO;
				SWIFT_VERSION = 5.0;
				TARGETED_DEVICE_FAMILY = "1,2";
				TEST_TARGET_NAME = learner;
			};
			name = Release;
		};
/* End XCBuildConfiguration section */

/* Begin XCConfigurationList section */
		792F29752945C3690037A515 /* Build configuration list for PBXProject "learner" */ = {
			isa = XCConfigurationList;
			buildConfigurations = (
				792F299D2945C36B0037A515 /* Debug */,
				792F299E2945C36B0037A515 /* Release */,
			);
			defaultConfigurationIsVisible = 0;
			defaultConfigurationName = Release;
		};
		792F299F2945C36B0037A515 /* Build configuration list for PBXNativeTarget "learner" */ = {
			isa = XCConfigurationList;
			buildConfigurations = (
				792F29A02945C36B0037A515 /* Debug */,
				792F29A12945C36B0037A515 /* Release */,
			);
			defaultConfigurationIsVisible = 0;
			defaultConfigurationName = Release;
		};
		792F29A22945C36B0037A515 /* Build configuration list for PBXNativeTarget "learnerTests" */ = {
			isa = XCConfigurationList;
			buildConfigurations = (
				792F29A32945C36B0037A515 /* Debug */,
				792F29A42945C36B0037A515 /* Release */,
			);
			defaultConfigurationIsVisible = 0;
			defaultConfigurationName = Release;
		};
		792F29A52945C36B0037A515 /* Build configuration list for PBXNativeTarget "learnerUITests" */ = {
			isa = XCConfigurationList;
			buildConfigurations = (
				792F29A62945C36B0037A515 /* Debug */,
				792F29A72945C36B0037A515 /* Release */,
			);
			defaultConfigurationIsVisible = 0;
			defaultConfigurationName = Release;
		};
/* End XCConfigurationList section */
	};
	rootObject = 792F29722945C3690037A515 /* Project object */;
}
